
Microsoft Visual Studio Solution File, Format Version 12.00
# Visual Studio Version 17
VisualStudioVersion = 17.6.33829.357
MinimumVisualStudioVersion = 10.0.40219.1
Project("{FAE04EC0-301F-11D3-BF4B-00C04F79EFBC}") = "KrkVista_hotel", "KrkVista_hotel.csproj", "{E7B4C20D-333B-41BE-A2F1-361600E14A76}"
EndProject
Global
	GlobalSection(SolutionConfigurationPlatforms) = preSolution
		Debug|Any CPU = Debug|Any CPU
		Release|Any CPU = Release|Any CPU
	EndGlobalSection
	GlobalSection(ProjectConfigurationPlatforms) = postSolution
		{E7B4C20D-333B-41BE-A2F1-361600E14A76}.Debug|Any CPU.ActiveCfg = Debug|Any CPU
		{E7B4C20D-333B-41BE-A2F1-361600E14A76}.Debug|Any CPU.Build.0 = Debug|Any CPU
		{E7B4C20D-333B-41BE-A2F1-361600E14A76}.Release|Any CPU.ActiveCfg = Release|Any CPU
		{E7B4C20D-333B-41BE-A2F1-361600E14A76}.Release|Any CPU.Build.0 = Release|Any CPU
	EndGlobalSection
	GlobalSection(SolutionProperties) = preSolution
		HideSolutionNode = FALSE
	EndGlobalSection
	GlobalSection(ExtensibilityGlobals) = postSolution
		SolutionGuid = {486A6E67-C066-4C85-99D1-3A9464209532}
	EndGlobalSection
EndGlobal
